
Microsoft Visual Studio Solution File, Format Version 12.00
# Visual Studio Version 17
VisualStudioVersion = 17.9.34728.123
MinimumVisualStudioVersion = 10.0.40219.1
Project("{FAE04EC0-301F-11D3-BF4B-00C04F79EFBC}") = "ExamApp", "ExamApp\ExamApp.csproj", "{F7FDFD73-FD1F-46F5-9F74-F8A9C3AB62EE}"
EndProject
Global
	GlobalSection(SolutionConfigurationPlatforms) = preSolution
		Debug|Any CPU = Debug|Any CPU
		Release|Any CPU = Release|Any CPU
	EndGlobalSection
	GlobalSection(ProjectConfigurationPlatforms) = postSolution
		{F7FDFD73-FD1F-46F5-9F74-F8A9C3AB62EE}.Debug|Any CPU.ActiveCfg = Debug|Any CPU
		{F7FDFD73-FD1F-46F5-9F74-F8A9C3AB62EE}.Debug|Any CPU.Build.0 = Debug|Any CPU
		{F7FDFD73-FD1F-46F5-9F74-F8A9C3AB62EE}.Release|Any CPU.ActiveCfg = Release|Any CPU
		{F7FDFD73-FD1F-46F5-9F74-F8A9C3AB62EE}.Release|Any CPU.Build.0 = Release|Any CPU
	EndGlobalSection
	GlobalSection(SolutionProperties) = preSolution
		HideSolutionNode = FALSE
	EndGlobalSection
	GlobalSection(ExtensibilityGlobals) = postSolution
		SolutionGuid = {EF551B22-2C30-40FE-9F2C-9198B603FA54}
	EndGlobalSection
EndGlobal
